
Microsoft Visual Studio Solution File, Format Version 12.00
# Visual Studio Version 17
VisualStudioVersion = 17.3.32825.248
MinimumVisualStudioVersion = 10.0.40219.1
Project("{9A19103F-16F7-4668-BE54-9A1E7A4F7556}") = "DataExchange", "DataExchange.csproj", "{EDE42390-7CFA-4755-90CF-8C40BF8F2191}"
EndProject
Global
	GlobalSection(SolutionConfigurationPlatforms) = preSolution
		Debug|Any CPU = Debug|Any CPU
		Release|Any CPU = Release|Any CPU
	EndGlobalSection
	GlobalSection(ProjectConfigurationPlatforms) = postSolution
		{EDE42390-7CFA-4755-90CF-8C40BF8F2191}.Debug|Any CPU.ActiveCfg = Debug|Any CPU
		{EDE42390-7CFA-4755-90CF-8C40BF8F2191}.Debug|Any CPU.Build.0 = Debug|Any CPU
		{EDE42390-7CFA-4755-90CF-8C40BF8F2191}.Release|Any CPU.ActiveCfg = Release|Any CPU
		{EDE42390-7CFA-4755-90CF-8C40BF8F2191}.Release|Any CPU.Build.0 = Release|Any CPU
	EndGlobalSection
	GlobalSection(SolutionProperties) = preSolution
		HideSolutionNode = FALSE
	EndGlobalSection
	GlobalSection(ExtensibilityGlobals) = postSolution
		SolutionGuid = {4909A02B-19CC-4D04-A41B-FA799A8E2C9A}
	EndGlobalSection
EndGlobal
